
Microsoft Visual Studio Solution File, Format Version 12.00
# Visual Studio Version 17
VisualStudioVersion = 17.10.35027.167
MinimumVisualStudioVersion = 10.0.40219.1
Project("{FAE04EC0-301F-11D3-BF4B-00C04F79EFBC}") = "Notification and Reminder", "Notification and Reminder\Notification and Reminder.csproj", "{6F5EA2FC-DFDE-4B18-9C82-7E3B8011FC37}"
EndProject
Global
	GlobalSection(SolutionConfigurationPlatforms) = preSolution
		Debug|Any CPU = Debug|Any CPU
		Release|Any CPU = Release|Any CPU
	EndGlobalSection
	GlobalSection(ProjectConfigurationPlatforms) = postSolution
		{6F5EA2FC-DFDE-4B18-9C82-7E3B8011FC37}.Debug|Any CPU.ActiveCfg = Debug|Any CPU
		{6F5EA2FC-DFDE-4B18-9C82-7E3B8011FC37}.Debug|Any CPU.Build.0 = Debug|Any CPU
		{6F5EA2FC-DFDE-4B18-9C82-7E3B8011FC37}.Release|Any CPU.ActiveCfg = Release|Any CPU
		{6F5EA2FC-DFDE-4B18-9C82-7E3B8011FC37}.Release|Any CPU.Build.0 = Release|Any CPU
	EndGlobalSection
	GlobalSection(SolutionProperties) = preSolution
		HideSolutionNode = FALSE
	EndGlobalSection
	GlobalSection(ExtensibilityGlobals) = postSolution
		SolutionGuid = {1D021BC9-8182-4859-A16B-AD5581BB4037}
	EndGlobalSection
EndGlobal
